// !$*UTF8*$!
{
	archiveVersion = 1;
	classes = {
	};
	objectVersion = 55;
	objects = {

/* Begin PBXBuildFile section */
		13B60FBF2848E57F00E8A043 /* AppDelegate.swift in Sources */ = {isa = PBXBuildFile; fileRef = 13B60FBE2848E57F00E8A043 /* AppDelegate.swift */; };
		13B60FC12848E57F00E8A043 /* SceneDelegate.swift in Sources */ = {isa = PBXBuildFile; fileRef = 13B60FC02848E57F00E8A043 /* SceneDelegate.swift */; };
		13B60FC32848E57F00E8A043 /* ViewController.swift in Sources */ = {isa = PBXBuildFile; fileRef = 13B60FC22848E57F00E8A043 /* ViewController.swift */; };
		13B60FC62848E57F00E8A043 /* Main.storyboard in Resources */ = {isa = PBXBuildFile; fileRef = 13B60FC42848E57F00E8A043 /* Main.storyboard */; };
		13B60FC82848E58000E8A043 /* Assets.xcassets in Resources */ = {isa = PBXBuildFile; fileRef = 13B60FC72848E58000E8A043 /* Assets.xcassets */; };
		13B60FCB2848E58000E8A043 /* LaunchScreen.storyboard in Resources */ = {isa = PBXBuildFile; fileRef = 13B60FC92848E58000E8A043 /* LaunchScreen.storyboard */; };
		13B60FD32848E6BC00E8A043 /* TelaInicial.swift in Sources */ = {isa = PBXBuildFile; fileRef = 13B60FD22848E6BC00E8A043 /* TelaInicial.swift */; };
		13B60FD62848E97B00E8A043 /* TableViewCell.swift in Sources */ = {isa = PBXBuildFile; fileRef = 13B60FD42848E97B00E8A043 /* TableViewCell.swift */; };
		13B60FD72848E97B00E8A043 /* TableViewCell.xib in Resources */ = {isa = PBXBuildFile; fileRef = 13B60FD52848E97B00E8A043 /* TableViewCell.xib */; };
		13B60FDE2848F18000E8A043 /* TableViewController.swift in Sources */ = {isa = PBXBuildFile; fileRef = 13B60FDD2848F18000E8A043 /* TableViewController.swift */; };
		13B60FE02848F1CB00E8A043 /* TableViewModel.swift in Sources */ = {isa = PBXBuildFile; fileRef = 13B60FDF2848F1CB00E8A043 /* TableViewModel.swift */; };
		13B60FE32848F4A100E8A043 /* SDWebImage in Frameworks */ = {isa = PBXBuildFile; productRef = 13B60FE22848F4A100E8A043 /* SDWebImage */; };
		13B60FE62848F58400E8A043 /* Alamofire in Frameworks */ = {isa = PBXBuildFile; productRef = 13B60FE52848F58400E8A043 /* Alamofire */; };
/* End PBXBuildFile section */

/* Begin PBXFileReference section */
		13B60FBB2848E57F00E8A043 /* APITableView.app */ = {isa = PBXFileReference; explicitFileType = wrapper.application; includeInIndex = 0; path = APITableView.app; sourceTree = BUILT_PRODUCTS_DIR; };
		13B60FBE2848E57F00E8A043 /* AppDelegate.swift */ = {isa = PBXFileReference; lastKnownFileType = sourcecode.swift; path = AppDelegate.swift; sourceTree = "<group>"; };
		13B60FC02848E57F00E8A043 /* SceneDelegate.swift */ = {isa = PBXFileReference; lastKnownFileType = sourcecode.swift; path = SceneDelegate.swift; sourceTree = "<group>"; };
		13B60FC22848E57F00E8A043 /* ViewController.swift */ = {isa = PBXFileReference; lastKnownFileType = sourcecode.swift; path = ViewController.swift; sourceTree = "<group>"; };
		13B60FC52848E57F00E8A043 /* Base */ = {isa = PBXFileReference; lastKnownFileType = file.storyboard; name = Base; path = Base.lproj/Main.storyboard; sourceTree = "<group>"; };
		13B60FC72848E58000E8A043 /* Assets.xcassets */ = {isa = PBXFileReference; lastKnownFileType = folder.assetcatalog; path = Assets.xcassets; sourceTree = "<group>"; };
		13B60FCA2848E58000E8A043 /* Base */ = {isa = PBXFileReference; lastKnownFileType = file.storyboard; name = Base; path = Base.lproj/LaunchScreen.storyboard; sourceTree = "<group>"; };
		13B60FCC2848E58000E8A043 /* Info.plist */ = {isa = PBXFileReference; lastKnownFileType = text.plist.xml; path = Info.plist; sourceTree = "<group>"; };
		13B60FD22848E6BC00E8A043 /* TelaInicial.swift */ = {isa = PBXFileReference; lastKnownFileType = sourcecode.swift; path = TelaInicial.swift; sourceTree = "<group>"; };
		13B60FD42848E97B00E8A043 /* TableViewCell.swift */ = {isa = PBXFileReference; lastKnownFileType = sourcecode.swift; path = TableViewCell.swift; sourceTree = "<group>"; };
		13B60FD52848E97B00E8A043 /* TableViewCell.xib */ = {isa = PBXFileReference; lastKnownFileType = file.xib; path = TableViewCell.xib; sourceTree = "<group>"; };
		13B60FDD2848F18000E8A043 /* TableViewController.swift */ = {isa = PBXFileReference; lastKnownFileType = sourcecode.swift; path = TableViewController.swift; sourceTree = "<group>"; };
		13B60FDF2848F1CB00E8A043 /* TableViewModel.swift */ = {isa = PBXFileReference; lastKnownFileType = sourcecode.swift; path = TableViewModel.swift; sourceTree = "<group>"; };
/* End PBXFileReference section */

/* Begin PBXFrameworksBuildPhase section */
		13B60FB82848E57F00E8A043 /* Frameworks */ = {
			isa = PBXFrameworksBuildPhase;
			buildActionMask = 2147483647;
			files = (
				13B60FE32848F4A100E8A043 /* SDWebImage in Frameworks */,
				13B60FE62848F58400E8A043 /* Alamofire in Frameworks */,
			);
			runOnlyForDeploymentPostprocessing = 0;
		};
/* End PBXFrameworksBuildPhase section */

/* Begin PBXGroup section */
		13B60FB22848E57F00E8A043 = {
			isa = PBXGroup;
			children = (
				13B60FBD2848E57F00E8A043 /* APITableView */,
				13B60FBC2848E57F00E8A043 /* Products */,
			);
			sourceTree = "<group>";
		};
		13B60FBC2848E57F00E8A043 /* Products */ = {
			isa = PBXGroup;
			children = (
				13B60FBB2848E57F00E8A043 /* APITableView.app */,
			);
			name = Products;
			sourceTree = "<group>";
		};
		13B60FBD2848E57F00E8A043 /* APITableView */ = {
			isa = PBXGroup;
			children = (
				13B60FDC2848F12F00E8A043 /* Controller */,
				13B60FDB2848F11800E8A043 /* View */,
				13B60FDA2848F10E00E8A043 /* Model */,
				13B60FD82848E99B00E8A043 /* AppDelegate */,
				13B60FC72848E58000E8A043 /* Assets.xcassets */,
				13B60FC92848E58000E8A043 /* LaunchScreen.storyboard */,
				13B60FCC2848E58000E8A043 /* Info.plist */,
			);
			path = APITableView;
			sourceTree = "<group>";
		};
		13B60FD82848E99B00E8A043 /* AppDelegate */ = {
			isa = PBXGroup;
			children = (
				13B60FBE2848E57F00E8A043 /* AppDelegate.swift */,
				13B60FC02848E57F00E8A043 /* SceneDelegate.swift */,
			);
			path = AppDelegate;
			sourceTree = "<group>";
		};
		13B60FD92848E9B100E8A043 /* Cell */ = {
			isa = PBXGroup;
			children = (
				13B60FD42848E97B00E8A043 /* TableViewCell.swift */,
				13B60FD52848E97B00E8A043 /* TableViewCell.xib */,
			);
			path = Cell;
			sourceTree = "<group>";
		};
		13B60FDA2848F10E00E8A043 /* Model */ = {
			isa = PBXGroup;
			children = (
				13B60FDF2848F1CB00E8A043 /* TableViewModel.swift */,
			);
			path = Model;
			sourceTree = "<group>";
		};
		13B60FDB2848F11800E8A043 /* View */ = {
			isa = PBXGroup;
			children = (
				13B60FD22848E6BC00E8A043 /* TelaInicial.swift */,
				13B60FC22848E57F00E8A043 /* ViewController.swift */,
				13B60FC42848E57F00E8A043 /* Main.storyboard */,
				13B60FD92848E9B100E8A043 /* Cell */,
			);
			path = View;
			sourceTree = "<group>";
		};
		13B60FDC2848F12F00E8A043 /* Controller */ = {
			isa = PBXGroup;
			children = (
				13B60FDD2848F18000E8A043 /* TableViewController.swift */,
			);
			path = Controller;
			sourceTree = "<group>";
		};
/* End PBXGroup section */

/* Begin PBXNativeTarget section */
		13B60FBA2848E57F00E8A043 /* APITableView */ = {
			isa = PBXNativeTarget;
			buildConfigurationList = 13B60FCF2848E58000E8A043 /* Build configuration list for PBXNativeTarget "APITableView" */;
			buildPhases = (
				13B60FB72848E57F00E8A043 /* Sources */,
				13B60FB82848E57F00E8A043 /* Frameworks */,
				13B60FB92848E57F00E8A043 /* Resources */,
			);
			buildRules = (
			);
			dependencies = (
			);
			name = APITableView;
			packageProductDependencies = (
				13B60FE22848F4A100E8A043 /* SDWebImage */,
				13B60FE52848F58400E8A043 /* Alamofire */,
			);
			productName = APITableView;
			productReference = 13B60FBB2848E57F00E8A043 /* APITableView.app */;
			productType = "com.apple.product-type.application";
		};
/* End PBXNativeTarget section */

/* Begin PBXProject section */
		13B60FB32848E57F00E8A043 /* Project object */ = {
			isa = PBXProject;
			attributes = {
				BuildIndependentTargetsInParallel = 1;
				LastSwiftUpdateCheck = 1340;
				LastUpgradeCheck = 1340;
				TargetAttributes = {
					13B60FBA2848E57F00E8A043 = {
						CreatedOnToolsVersion = 13.4;
					};
				};
			};
			buildConfigurationList = 13B60FB62848E57F00E8A043 /* Build configuration list for PBXProject "APITableView" */;
			compatibilityVersion = "Xcode 13.0";
			developmentRegion = en;
			hasScannedForEncodings = 0;
			knownRegions = (
				en,
				Base,
			);
			mainGroup = 13B60FB22848E57F00E8A043;
			packageReferences = (
				13B60FE12848F4A100E8A043 /* XCRemoteSwiftPackageReference "SDWebImage" */,
				13B60FE42848F58400E8A043 /* XCRemoteSwiftPackageReference "Alamofire" */,
			);
			productRefGroup = 13B60FBC2848E57F00E8A043 /* Products */;
			projectDirPath = "";
			projectRoot = "";
			targets = (
				13B60FBA2848E57F00E8A043 /* APITableView */,
			);
		};
/* End PBXProject section */

/* Begin PBXResourcesBuildPhase section */
		13B60FB92848E57F00E8A043 /* Resources */ = {
			isa = PBXResourcesBuildPhase;
			buildActionMask = 2147483647;
			files = (
				13B60FCB2848E58000E8A043 /* LaunchScreen.storyboard in Resources */,
				13B60FD72848E97B00E8A043 /* TableViewCell.xib in Resources */,
				13B60FC82848E58000E8A043 /* Assets.xcassets in Resources */,
				13B60FC62848E57F00E8A043 /* Main.storyboard in Resources */,
			);
			runOnlyForDeploymentPostprocessing = 0;
		};
/* End PBXResourcesBuildPhase section */

/* Begin PBXSourcesBuildPhase section */
		13B60FB72848E57F00E8A043 /* Sources */ = {
			isa = PBXSourcesBuildPhase;
			buildActionMask = 2147483647;
			files = (
				13B60FD62848E97B00E8A043 /* TableViewCell.swift in Sources */,
				13B60FE02848F1CB00E8A043 /* TableViewModel.swift in Sources */,
				13B60FDE2848F18000E8A043 /* TableViewController.swift in Sources */,
				13B60FC32848E57F00E8A043 /* ViewController.swift in Sources */,
				13B60FBF2848E57F00E8A043 /* AppDelegate.swift in Sources */,
				13B60FC12848E57F00E8A043 /* SceneDelegate.swift in Sources */,
				13B60FD32848E6BC00E8A043 /* TelaInicial.swift in Sources */,
			);
			runOnlyForDeploymentPostprocessing = 0;
		};
/* End PBXSourcesBuildPhase section */

/* Begin PBXVariantGroup section */
		13B60FC42848E57F00E8A043 /* Main.storyboard */ = {
			isa = PBXVariantGroup;
			children = (
				13B60FC52848E57F00E8A043 /* Base */,
			);
			name = Main.storyboard;
			sourceTree = "<group>";
		};
		13B60FC92848E58000E8A043 /* LaunchScreen.storyboard */ = {
			isa = PBXVariantGroup;
			children = (
				13B60FCA2848E58000E8A043 /* Base */,
			);
			name = LaunchScreen.storyboard;
			sourceTree = "<group>";
		};
/* End PBXVariantGroup section */

/* Begin XCBuildConfiguration section */
		13B60FCD2848E58000E8A043 /* Debug */ = {
			isa = XCBuildConfiguration;
			buildSettings = {
				ALWAYS_SEARCH_USER_PATHS = NO;
				CLANG_ANALYZER_NONNULL = YES;
				CLANG_ANALYZER_NUMBER_OBJECT_CONVERSION = YES_AGGRESSIVE;
				CLANG_CXX_LANGUAGE_STANDARD = "gnu++17";
				CLANG_ENABLE_MODULES = YES;
				CLANG_ENABLE_OBJC_ARC = YES;
				CLANG_ENABLE_OBJC_WEAK = YES;
				CLANG_WARN_BLOCK_CAPTURE_AUTORELEASING = YES;
				CLANG_WARN_BOOL_CONVERSION = YES;
				CLANG_WARN_COMMA = YES;
				CLANG_WARN_CONSTANT_CONVERSION = YES;
				CLANG_WARN_DEPRECATED_OBJC_IMPLEMENTATIONS = YES;
				CLANG_WARN_DIRECT_OBJC_ISA_USAGE = YES_ERROR;
				CLANG_WARN_DOCUMENTATION_COMMENTS = YES;
				CLANG_WARN_EMPTY_BODY = YES;
				CLANG_WARN_ENUM_CONVERSION = YES;
				CLANG_WARN_INFINITE_RECURSION = YES;
				CLANG_WARN_INT_CONVERSION = YES;
				CLANG_WARN_NON_LITERAL_NULL_CONVERSION = YES;
				CLANG_WARN_OBJC_IMPLICIT_RETAIN_SELF = YES;
				CLANG_WARN_OBJC_LITERAL_CONVERSION = YES;
				CLANG_WARN_OBJC_ROOT_CLASS = YES_ERROR;
				CLANG_WARN_QUOTED_INCLUDE_IN_FRAMEWORK_HEADER = YES;
				CLANG_WARN_RANGE_LOOP_ANALYSIS = YES;
				CLANG_WARN_STRICT_PROTOTYPES = YES;
				CLANG_WARN_SUSPICIOUS_MOVE = YES;
				CLANG_WARN_UNGUARDED_AVAILABILITY = YES_AGGRESSIVE;
				CLANG_WARN_UNREACHABLE_CODE = YES;
				CLANG_WARN__DUPLICATE_METHOD_MATCH = YES;
				COPY_PHASE_STRIP = NO;
				DEBUG_INFORMATION_FORMAT = dwarf;
				ENABLE_STRICT_OBJC_MSGSEND = YES;
				ENABLE_TESTABILITY = YES;
				GCC_C_LANGUAGE_STANDARD = gnu11;
				GCC_DYNAMIC_NO_PIC = NO;
				GCC_NO_COMMON_BLOCKS = YES;
				GCC_OPTIMIZATION_LEVEL = 0;
				GCC_PREPROCESSOR_DEFINITIONS = (
					"DEBUG=1",
					"$(inherited)",
				);
				GCC_WARN_64_TO_32_BIT_CONVERSION = YES;
				GCC_WARN_ABOUT_RETURN_TYPE = YES_ERROR;
				GCC_WARN_UNDECLARED_SELECTOR = YES;
				GCC_WARN_UNINITIALIZED_AUTOS = YES_AGGRESSIVE;
				GCC_WARN_UNUSED_FUNCTION = YES;
				GCC_WARN_UNUSED_VARIABLE = YES;
				IPHONEOS_DEPLOYMENT_TARGET = 15.5;
				MTL_ENABLE_DEBUG_INFO = INCLUDE_SOURCE;
				MTL_FAST_MATH = YES;
				ONLY_ACTIVE_ARCH = YES;
				SDKROOT = iphoneos;
				SWIFT_ACTIVE_COMPILATION_CONDITIONS = DEBUG;
				SWIFT_OPTIMIZATION_LEVEL = "-Onone";
			};
			name = Debug;
		};
		13B60FCE2848E58000E8A043 /* Release */ = {
			isa = XCBuildConfiguration;
			buildSettings = {
				ALWAYS_SEARCH_USER_PATHS = NO;
				CLANG_ANALYZER_NONNULL = YES;
				CLANG_ANALYZER_NUMBER_OBJECT_CONVERSION = YES_AGGRESSIVE;
				CLANG_CXX_LANGUAGE_STANDARD = "gnu++17";
				CLANG_ENABLE_MODULES = YES;
				CLANG_ENABLE_OBJC_ARC = YES;
				CLANG_ENABLE_OBJC_WEAK = YES;
				CLANG_WARN_BLOCK_CAPTURE_AUTORELEASING = YES;
				CLANG_WARN_BOOL_CONVERSION = YES;
				CLANG_WARN_COMMA = YES;
				CLANG_WARN_CONSTANT_CONVERSION = YES;
				CLANG_WARN_DEPRECATED_OBJC_IMPLEMENTATIONS = YES;
				CLANG_WARN_DIRECT_OBJC_ISA_USAGE = YES_ERROR;
				CLANG_WARN_DOCUMENTATION_COMMENTS = YES;
				CLANG_WARN_EMPTY_BODY = YES;
				CLANG_WARN_ENUM_CONVERSION = YES;
				CLANG_WARN_INFINITE_RECURSION = YES;
				CLANG_WARN_INT_CONVERSION = YES;
				CLANG_WARN_NON_LITERAL_NULL_CONVERSION = YES;
				CLANG_WARN_OBJC_IMPLICIT_RETAIN_SELF = YES;
				CLANG_WARN_OBJC_LITERAL_CONVERSION = YES;
				CLANG_WARN_OBJC_ROOT_CLASS = YES_ERROR;
				CLANG_WARN_QUOTED_INCLUDE_IN_FRAMEWORK_HEADER = YES;
				CLANG_WARN_RANGE_LOOP_ANALYSIS = YES;
				CLANG_WARN_STRICT_PROTOTYPES = YES;
				CLANG_WARN_SUSPICIOUS_MOVE = YES;
				CLANG_WARN_UNGUARDED_AVAILABILITY = YES_AGGRESSIVE;
				CLANG_WARN_UNREACHABLE_CODE = YES;
				CLANG_WARN__DUPLICATE_METHOD_MATCH = YES;
				COPY_PHASE_STRIP = NO;
				DEBUG_INFORMATION_FORMAT = "dwarf-with-dsym";
				ENABLE_NS_ASSERTIONS = NO;
				ENABLE_STRICT_OBJC_MSGSEND = YES;
				GCC_C_LANGUAGE_STANDARD = gnu11;
				GCC_NO_COMMON_BLOCKS = YES;
				GCC_WARN_64_TO_32_BIT_CONVERSION = YES;
				GCC_WARN_ABOUT_RETURN_TYPE = YES_ERROR;
				GCC_WARN_UNDECLARED_SELECTOR = YES;
				GCC_WARN_UNINITIALIZED_AUTOS = YES_AGGRESSIVE;
				GCC_WARN_UNUSED_FUNCTION = YES;
				GCC_WARN_UNUSED_VARIABLE = YES;
				IPHONEOS_DEPLOYMENT_TARGET = 15.5;
				MTL_ENABLE_DEBUG_INFO = NO;
				MTL_FAST_MATH = YES;
				SDKROOT = iphoneos;
				SWIFT_COMPILATION_MODE = wholemodule;
				SWIFT_OPTIMIZATION_LEVEL = "-O";
				VALIDATE_PRODUCT = YES;
			};
			name = Release;
		};
		13B60FD02848E58000E8A043 /* Debug */ = {
			isa = XCBuildConfiguration;
			buildSettings = {
				ASSETCATALOG_COMPILER_APPICON_NAME = AppIcon;
				ASSETCATALOG_COMPILER_GLOBAL_ACCENT_COLOR_NAME = AccentColor;
				CODE_SIGN_STYLE = Automatic;
				CURRENT_PROJECT_VERSION = 1;
				GENERATE_INFOPLIST_FILE = YES;
				INFOPLIST_FILE = APITableView/Info.plist;
				INFOPLIST_KEY_UIApplicationSupportsIndirectInputEvents = YES;
				INFOPLIST_KEY_UILaunchStoryboardName = LaunchScreen;
				INFOPLIST_KEY_UIMainStoryboardFile = Main;
				INFOPLIST_KEY_UISupportedInterfaceOrientations_iPad = "UIInterfaceOrientationPortrait UIInterfaceOrientationPortraitUpsideDown UIInterfaceOrientationLandscapeLeft UIInterfaceOrientationLandscapeRight";
				INFOPLIST_KEY_UISupportedInterfaceOrientations_iPhone = "UIInterfaceOrientationPortrait UIInterfaceOrientationLandscapeLeft UIInterfaceOrientationLandscapeRight";
				LD_RUNPATH_SEARCH_PATHS = (
					"$(inherited)",
					"@executable_path/Frameworks",
				);
				MARKETING_VERSION = 1.0;
				PRODUCT_BUNDLE_IDENTIFIER = "Pedro-Ivo-Aquino.APITableView";
				PRODUCT_NAME = "$(TARGET_NAME)";
				SWIFT_EMIT_LOC_STRINGS = YES;
				SWIFT_VERSION = 5.0;
				TARGETED_DEVICE_FAMILY = "1,2";
			};
			name = Debug;
		};
		13B60FD12848E58000E8A043 /* Release */ = {
			isa = XCBuildConfiguration;
			buildSettings = {
				ASSETCATALOG_COMPILER_APPICON_NAME = AppIcon;
				ASSETCATALOG_COMPILER_GLOBAL_ACCENT_COLOR_NAME = AccentColor;
				CODE_SIGN_STYLE = Automatic;
				CURRENT_PROJECT_VERSION = 1;
				GENERATE_INFOPLIST_FILE = YES;
				INFOPLIST_FILE = APITableView/Info.plist;
				INFOPLIST_KEY_UIApplicationSupportsIndirectInputEvents = YES;
				INFOPLIST_KEY_UILaunchStoryboardName = LaunchScreen;
				INFOPLIST_KEY_UIMainStoryboardFile = Main;
				INFOPLIST_KEY_UISupportedInterfaceOrientations_iPad = "UIInterfaceOrientationPortrait UIInterfaceOrientationPortraitUpsideDown UIInterfaceOrientationLandscapeLeft UIInterfaceOrientationLandscapeRight";
				INFOPLIST_KEY_UISupportedInterfaceOrientations_iPhone = "UIInterfaceOrientationPortrait UIInterfaceOrientationLandscapeLeft UIInterfaceOrientationLandscapeRight";
				LD_RUNPATH_SEARCH_PATHS = (
					"$(inherited)",
					"@executable_path/Frameworks",
				);
				MARKETING_VERSION = 1.0;
				PRODUCT_BUNDLE_IDENTIFIER = "Pedro-Ivo-Aquino.APITableView";
				PRODUCT_NAME = "$(TARGET_NAME)";
				SWIFT_EMIT_LOC_STRINGS = YES;
				SWIFT_VERSION = 5.0;
				TARGETED_DEVICE_FAMILY = "1,2";
			};
			name = Release;
		};
/* End XCBuildConfiguration section */

/* Begin XCConfigurationList section */
		13B60FB62848E57F00E8A043 /* Build configuration list for PBXProject "APITableView" */ = {
			isa = XCConfigurationList;
			buildConfigurations = (
				13B60FCD2848E58000E8A043 /* Debug */,
				13B60FCE2848E58000E8A043 /* Release */,
			);
			defaultConfigurationIsVisible = 0;
			defaultConfigurationName = Release;
		};
		13B60FCF2848E58000E8A043 /* Build configuration list for PBXNativeTarget "APITableView" */ = {
			isa = XCConfigurationList;
			buildConfigurations = (
				13B60FD02848E58000E8A043 /* Debug */,
				13B60FD12848E58000E8A043 /* Release */,
			);
			defaultConfigurationIsVisible = 0;
			defaultConfigurationName = Release;
		};
/* End XCConfigurationList section */

/* Begin XCRemoteSwiftPackageReference section */
		13B60FE12848F4A100E8A043 /* XCRemoteSwiftPackageReference "SDWebImage" */ = {
			isa = XCRemoteSwiftPackageReference;
			repositoryURL = "https://github.com/SDWebImage/SDWebImage.git";
			requirement = {
				branch = master;
				kind = branch;
			};
		};
		13B60FE42848F58400E8A043 /* XCRemoteSwiftPackageReference "Alamofire" */ = {
			isa = XCRemoteSwiftPackageReference;
			repositoryURL = "https://github.com/Alamofire/Alamofire.git";
			requirement = {
				kind = upToNextMajorVersion;
				minimumVersion = 5.0.0;
			};
		};
/* End XCRemoteSwiftPackageReference section */

/* Begin XCSwiftPackageProductDependency section */
		13B60FE22848F4A100E8A043 /* SDWebImage */ = {
			isa = XCSwiftPackageProductDependency;
			package = 13B60FE12848F4A100E8A043 /* XCRemoteSwiftPackageReference "SDWebImage" */;
			productName = SDWebImage;
		};
		13B60FE52848F58400E8A043 /* Alamofire */ = {
			isa = XCSwiftPackageProductDependency;
			package = 13B60FE42848F58400E8A043 /* XCRemoteSwiftPackageReference "Alamofire" */;
			productName = Alamofire;
		};
/* End XCSwiftPackageProductDependency section */
	};
	rootObject = 13B60FB32848E57F00E8A043 /* Project object */;
}
